
Microsoft Visual Studio Solution File, Format Version 12.00
# Visual Studio Version 17
VisualStudioVersion = 17.4.33213.308
MinimumVisualStudioVersion = 10.0.40219.1
Project("{9A19103F-16F7-4668-BE54-9A1E7A4F7556}") = "CompanyEmployees", "CompanyEmployees\CompanyEmployees.csproj", "{AAB28FBE-FDCD-4453-9232-CA84A9B3938A}"
EndProject
Project("{9A19103F-16F7-4668-BE54-9A1E7A4F7556}") = "Contracts", "Contract\Contracts.csproj", "{84E37ABE-6BC3-481A-9E88-BA1140987822}"
EndProject
Project("{9A19103F-16F7-4668-BE54-9A1E7A4F7556}") = "LoggerService", "LoggerService\LoggerService.csproj", "{7549B91B-2729-45B3-A8F7-4A75BDAC1E22}"
EndProject
Project("{9A19103F-16F7-4668-BE54-9A1E7A4F7556}") = "Entities", "Entities\Entities.csproj", "{078ABE5A-F9B9-4A7D-8D41-E04184139A20}"
EndProject
Project("{9A19103F-16F7-4668-BE54-9A1E7A4F7556}") = "Repository", "Repository\Repository.csproj", "{91E33F4F-A312-44CC-A95B-D662AE0DC8C6}"
EndProject
Project("{9A19103F-16F7-4668-BE54-9A1E7A4F7556}") = "Service.Contracts", "Service.Contracts\Service.Contracts.csproj", "{C6E5222D-1567-4B4E-BC39-5E9FC9422250}"
EndProject
Project("{9A19103F-16F7-4668-BE54-9A1E7A4F7556}") = "Service", "Service\Service.csproj", "{05E57A29-0926-427A-A9B1-DC09E7AEC241}"
EndProject
Project("{9A19103F-16F7-4668-BE54-9A1E7A4F7556}") = "CompanyEmployees.Presentation", "Company.Presentation\CompanyEmployees.Presentation.csproj", "{64F601F1-D3C6-493E-934E-191DD815226B}"
EndProject
Project("{FAE04EC0-301F-11D3-BF4B-00C04F79EFBC}") = "Shared", "Shared\Shared.csproj", "{83748956-C38A-4970-A6E2-0D3CE23CF730}"
EndProject
Global
	GlobalSection(SolutionConfigurationPlatforms) = preSolution
		Debug|Any CPU = Debug|Any CPU
		Release|Any CPU = Release|Any CPU
	EndGlobalSection
	GlobalSection(ProjectConfigurationPlatforms) = postSolution
		{AAB28FBE-FDCD-4453-9232-CA84A9B3938A}.Debug|Any CPU.ActiveCfg = Debug|Any CPU
		{AAB28FBE-FDCD-4453-9232-CA84A9B3938A}.Debug|Any CPU.Build.0 = Debug|Any CPU
		{AAB28FBE-FDCD-4453-9232-CA84A9B3938A}.Release|Any CPU.ActiveCfg = Release|Any CPU
		{AAB28FBE-FDCD-4453-9232-CA84A9B3938A}.Release|Any CPU.Build.0 = Release|Any CPU
		{84E37ABE-6BC3-481A-9E88-BA1140987822}.Debug|Any CPU.ActiveCfg = Debug|Any CPU
		{84E37ABE-6BC3-481A-9E88-BA1140987822}.Debug|Any CPU.Build.0 = Debug|Any CPU
		{84E37ABE-6BC3-481A-9E88-BA1140987822}.Release|Any CPU.ActiveCfg = Release|Any CPU
		{84E37ABE-6BC3-481A-9E88-BA1140987822}.Release|Any CPU.Build.0 = Release|Any CPU
		{7549B91B-2729-45B3-A8F7-4A75BDAC1E22}.Debug|Any CPU.ActiveCfg = Debug|Any CPU
		{7549B91B-2729-45B3-A8F7-4A75BDAC1E22}.Debug|Any CPU.Build.0 = Debug|Any CPU
		{7549B91B-2729-45B3-A8F7-4A75BDAC1E22}.Release|Any CPU.ActiveCfg = Release|Any CPU
		{7549B91B-2729-45B3-A8F7-4A75BDAC1E22}.Release|Any CPU.Build.0 = Release|Any CPU
		{078ABE5A-F9B9-4A7D-8D41-E04184139A20}.Debug|Any CPU.ActiveCfg = Debug|Any CPU
		{078ABE5A-F9B9-4A7D-8D41-E04184139A20}.Debug|Any CPU.Build.0 = Debug|Any CPU
		{078ABE5A-F9B9-4A7D-8D41-E04184139A20}.Release|Any CPU.ActiveCfg = Release|Any CPU
		{078ABE5A-F9B9-4A7D-8D41-E04184139A20}.Release|Any CPU.Build.0 = Release|Any CPU
		{91E33F4F-A312-44CC-A95B-D662AE0DC8C6}.Debug|Any CPU.ActiveCfg = Debug|Any CPU
		{91E33F4F-A312-44CC-A95B-D662AE0DC8C6}.Debug|Any CPU.Build.0 = Debug|Any CPU
		{91E33F4F-A312-44CC-A95B-D662AE0DC8C6}.Release|Any CPU.ActiveCfg = Release|Any CPU
		{91E33F4F-A312-44CC-A95B-D662AE0DC8C6}.Release|Any CPU.Build.0 = Release|Any CPU
		{C6E5222D-1567-4B4E-BC39-5E9FC9422250}.Debug|Any CPU.ActiveCfg = Debug|Any CPU
		{C6E5222D-1567-4B4E-BC39-5E9FC9422250}.Debug|Any CPU.Build.0 = Debug|Any CPU
		{C6E5222D-1567-4B4E-BC39-5E9FC9422250}.Release|Any CPU.ActiveCfg = Release|Any CPU
		{C6E5222D-1567-4B4E-BC39-5E9FC9422250}.Release|Any CPU.Build.0 = Release|Any CPU
		{05E57A29-0926-427A-A9B1-DC09E7AEC241}.Debug|Any CPU.ActiveCfg = Debug|Any CPU
		{05E57A29-0926-427A-A9B1-DC09E7AEC241}.Debug|Any CPU.Build.0 = Debug|Any CPU
		{05E57A29-0926-427A-A9B1-DC09E7AEC241}.Release|Any CPU.ActiveCfg = Release|Any CPU
		{05E57A29-0926-427A-A9B1-DC09E7AEC241}.Release|Any CPU.Build.0 = Release|Any CPU
		{64F601F1-D3C6-493E-934E-191DD815226B}.Debug|Any CPU.ActiveCfg = Debug|Any CPU
		{64F601F1-D3C6-493E-934E-191DD815226B}.Debug|Any CPU.Build.0 = Debug|Any CPU
		{64F601F1-D3C6-493E-934E-191DD815226B}.Release|Any CPU.ActiveCfg = Release|Any CPU
		{64F601F1-D3C6-493E-934E-191DD815226B}.Release|Any CPU.Build.0 = Release|Any CPU
		{83748956-C38A-4970-A6E2-0D3CE23CF730}.Debug|Any CPU.ActiveCfg = Debug|Any CPU
		{83748956-C38A-4970-A6E2-0D3CE23CF730}.Debug|Any CPU.Build.0 = Debug|Any CPU
		{83748956-C38A-4970-A6E2-0D3CE23CF730}.Release|Any CPU.ActiveCfg = Release|Any CPU
		{83748956-C38A-4970-A6E2-0D3CE23CF730}.Release|Any CPU.Build.0 = Release|Any CPU
	EndGlobalSection
	GlobalSection(SolutionProperties) = preSolution
		HideSolutionNode = FALSE
	EndGlobalSection
	GlobalSection(ExtensibilityGlobals) = postSolution
		SolutionGuid = {3FF311EC-6F93-4B0E-8DEC-4568179B2D9E}
	EndGlobalSection
EndGlobal
